
Microsoft Visual Studio Solution File, Format Version 12.00
# Visual Studio 15
VisualStudioVersion = 15.0.28307.1525
MinimumVisualStudioVersion = 10.0.40219.1
Project("{FAE04EC0-301F-11D3-BF4B-00C04F79EFBC}") = "WindowsFormsApp3", "WindowsFormsApp3\WindowsFormsApp3.csproj", "{DCEE1C24-BAE6-4ED5-91CE-75C6E302C5CB}"
EndProject
Global
	GlobalSection(SolutionConfigurationPlatforms) = preSolution
		Debug|Any CPU = Debug|Any CPU
		Release|Any CPU = Release|Any CPU
	EndGlobalSection
	GlobalSection(ProjectConfigurationPlatforms) = postSolution
		{DCEE1C24-BAE6-4ED5-91CE-75C6E302C5CB}.Debug|Any CPU.ActiveCfg = Debug|Any CPU
		{DCEE1C24-BAE6-4ED5-91CE-75C6E302C5CB}.Debug|Any CPU.Build.0 = Debug|Any CPU
		{DCEE1C24-BAE6-4ED5-91CE-75C6E302C5CB}.Release|Any CPU.ActiveCfg = Release|Any CPU
		{DCEE1C24-BAE6-4ED5-91CE-75C6E302C5CB}.Release|Any CPU.Build.0 = Release|Any CPU
	EndGlobalSection
	GlobalSection(SolutionProperties) = preSolution
		HideSolutionNode = FALSE
	EndGlobalSection
	GlobalSection(ExtensibilityGlobals) = postSolution
		SolutionGuid = {822311B1-40CF-41E1-AB56-62F5D501D6C0}
	EndGlobalSection
EndGlobal
